Microsoft Visual Studio Solution File, Format Version 12.00
# Visual Studio Version 17
VisualStudioVersion = 17.5.2.0
MinimumVisualStudioVersion = 10.0.40219.1
Project("{FAE04EC0-301F-11D3-BF4B-00C04F79EFBC}") = "vs studio", "vs studio.csproj", "{E71946D6-1C0C-D270-4B74-56738A57BADF}"
EndProject
Global
	GlobalSection(SolutionConfigurationPlatforms) = preSolution
		Debug|Any CPU = Debug|Any CPU
		Release|Any CPU = Release|Any CPU
	EndGlobalSection
	GlobalSection(ProjectConfigurationPlatforms) = postSolution
		{E71946D6-1C0C-D270-4B74-56738A57BADF}.Debug|Any CPU.ActiveCfg = Debug|Any CPU
		{E71946D6-1C0C-D270-4B74-56738A57BADF}.Debug|Any CPU.Build.0 = Debug|Any CPU
		{E71946D6-1C0C-D270-4B74-56738A57BADF}.Release|Any CPU.ActiveCfg = Release|Any CPU
		{E71946D6-1C0C-D270-4B74-56738A57BADF}.Release|Any CPU.Build.0 = Release|Any CPU
	EndGlobalSection
	GlobalSection(SolutionProperties) = preSolution
		HideSolutionNode = FALSE
	EndGlobalSection
	GlobalSection(ExtensibilityGlobals) = postSolution
		SolutionGuid = {192C9BBF-6FD9-4E01-B1F7-516537A6FB55}
	EndGlobalSection
EndGlobal
